// !$*UTF8*$!
{
	archiveVersion = 1;
	classes = {
	};
	objectVersion = 46;
	objects = {

/* Begin PBXBuildFile section */
		43CE65F39BA469C87A37D02C /* libPods-Leadoon.a in Frameworks */ = {isa = PBXBuildFile; fileRef = C59AE2F176CF95A5A7C5D435 /* libPods-Leadoon.a */; };
		770C1E781BD78664005E4A50 /* phoneImage.png in Resources */ = {isa = PBXBuildFile; fileRef = 770C1E771BD78664005E4A50 /* phoneImage.png */; };
		770D556D1BDFD66D0059260F /* AnnotationMap.m in Sources */ = {isa = PBXBuildFile; fileRef = 770D556C1BDFD66D0059260F /* AnnotationMap.m */; };
		770D55711BDFD83F0059260F /* bluePin.png in Resources */ = {isa = PBXBuildFile; fileRef = 770D556E1BDFD83F0059260F /* bluePin.png */; };
		770D55721BDFD83F0059260F /* brownPin.png in Resources */ = {isa = PBXBuildFile; fileRef = 770D556F1BDFD83F0059260F /* brownPin.png */; };
		770D55731BDFD83F0059260F /* greenPin.png in Resources */ = {isa = PBXBuildFile; fileRef = 770D55701BDFD83F0059260F /* greenPin.png */; };
		7713A3211BD0054F00F14506 /* basket.png in Resources */ = {isa = PBXBuildFile; fileRef = 7713A3201BD0054F00F14506 /* basket.png */; };
		772E41D71BD965CC00FA23D4 /* MapViewScoreboardOrders.m in Sources */ = {isa = PBXBuildFile; fileRef = 772E41D61BD965CC00FA23D4 /* MapViewScoreboardOrders.m */; };
		77501CE21BD5973300596DA8 /* ZSAnnotation.m in Sources */ = {isa = PBXBuildFile; fileRef = 77501CE11BD5973300596DA8 /* ZSAnnotation.m */; };
		77501CE51BD5997B00596DA8 /* ZSPinAnnotation.m in Sources */ = {isa = PBXBuildFile; fileRef = 77501CE41BD5997B00596DA8 /* ZSPinAnnotation.m */; };
		775A84FA1BCBD2A2003BDC3D /* Animation.m in Sources */ = {isa = PBXBuildFile; fileRef = 775A84F91BCBD2A2003BDC3D /* Animation.m */; };
		7766B40E1C01B38100740E76 /* FinanceView.m in Sources */ = {isa = PBXBuildFile; fileRef = 7766B40D1C01B38100740E76 /* FinanceView.m */; };
		776F17231BD184B20085891A /* QuartzCore.framework in Frameworks */ = {isa = PBXBuildFile; fileRef = 776F17221BD184B20085891A /* QuartzCore.framework */; };
		776F17291BD19B3D0085891A /* DetailsScoreboardOrderView.m in Sources */ = {isa = PBXBuildFile; fileRef = 776F17281BD19B3D0085891A /* DetailsScoreboardOrderView.m */; };
		7777DCB31BD7C63D0068922D /* MapViewDetailMyOrders.m in Sources */ = {isa = PBXBuildFile; fileRef = 7777DCB21BD7C63D0068922D /* MapViewDetailMyOrders.m */; };
		778D88AD1BCEEC84007E1F51 /* ScoreboardOrdersView.m in Sources */ = {isa = PBXBuildFile; fileRef = 778D88AC1BCEEC84007E1F51 /* ScoreboardOrdersView.m */; };
		779679F11C0B7E810098CC59 /* deleteButton.png in Resources */ = {isa = PBXBuildFile; fileRef = 779679F01C0B7E810098CC59 /* deleteButton.png */; };
		779C5AA51BCAFD4600F4F31D /* main.m in Sources */ = {isa = PBXBuildFile; fileRef = 779C5AA41BCAFD4600F4F31D /* main.m */; };
		779C5AA81BCAFD4600F4F31D /* AppDelegate.m in Sources */ = {isa = PBXBuildFile; fileRef = 779C5AA71BCAFD4600F4F31D /* AppDelegate.m */; };
		779C5AAB1BCAFD4600F4F31D /* LoginView.m in Sources */ = {isa = PBXBuildFile; fileRef = 779C5AAA1BCAFD4600F4F31D /* LoginView.m */; };
		779C5AAE1BCAFD4600F4F31D /* Main.storyboard in Resources */ = {isa = PBXBuildFile; fileRef = 779C5AAC1BCAFD4600F4F31D /* Main.storyboard */; };
		779C5AB01BCAFD4600F4F31D /* Assets.xcassets in Resources */ = {isa = PBXBuildFile; fileRef = 779C5AAF1BCAFD4600F4F31D /* Assets.xcassets */; };
		779C5AB31BCAFD4600F4F31D /* LaunchScreen.storyboard in Resources */ = {isa = PBXBuildFile; fileRef = 779C5AB11BCAFD4600F4F31D /* LaunchScreen.storyboard */; };
		779C5ABE1BCAFD4600F4F31D /* LeadoonTests.m in Sources */ = {isa = PBXBuildFile; fileRef = 779C5ABD1BCAFD4600F4F31D /* LeadoonTests.m */; };
		779C5AC91BCAFD4600F4F31D /* LeadoonUITests.m in Sources */ = {isa = PBXBuildFile; fileRef = 779C5AC81BCAFD4600F4F31D /* LeadoonUITests.m */; };
		779C5AD81BCB061300F4F31D /* MainView.m in Sources */ = {isa = PBXBuildFile; fileRef = 779C5AD71BCB061300F4F31D /* MainView.m */; };
		77B2058F1C08D2A100D168FF /* AdditionalExpenses.m in Sources */ = {isa = PBXBuildFile; fileRef = 77B2058E1C08D2A100D168FF /* AdditionalExpenses.m */; };
		77B205921C08D84700D168FF /* HistoryOfTheMovement.m in Sources */ = {isa = PBXBuildFile; fileRef = 77B205911C08D84700D168FF /* HistoryOfTheMovement.m */; };
		77C4FD4F1BDFF123009D7C1A /* UIView+MKAnnotationView.m in Sources */ = {isa = PBXBuildFile; fileRef = 77C4FD4E1BDFF123009D7C1A /* UIView+MKAnnotationView.m */; };
		77C903741BD6AC4300B54E6A /* MyOrdersViewDetail.m in Sources */ = {isa = PBXBuildFile; fileRef = 77C903731BD6AC4200B54E6A /* MyOrdersViewDetail.m */; };
		77C903791BD6CB5F00B54E6A /* HeightForText.m in Sources */ = {isa = PBXBuildFile; fileRef = 77C903781BD6CB5F00B54E6A /* HeightForText.m */; };
		77E01C0F1BE8ADF600339E2A /* MapViewMyOrders.m in Sources */ = {isa = PBXBuildFile; fileRef = 77E01C0E1BE8ADF600339E2A /* MapViewMyOrders.m */; };
		77E01C111BE8CE2B00339E2A /* nav.png in Resources */ = {isa = PBXBuildFile; fileRef = 77E01C101BE8CE2B00339E2A /* nav.png */; };
		77E36FC51BF384270094FD29 /* WorksCompletedView.m in Sources */ = {isa = PBXBuildFile; fileRef = 77E36FC41BF384270094FD29 /* WorksCompletedView.m */; };
		77E36FC81BF3BAFF0094FD29 /* WorksCompletedViewDetail.m in Sources */ = {isa = PBXBuildFile; fileRef = 77E36FC71BF3BAFF0094FD29 /* WorksCompletedViewDetail.m */; };
		77E8F41E1BD2B97F00D2509E /* customerImage.png in Resources */ = {isa = PBXBuildFile; fileRef = 77E8F41A1BD2B97F00D2509E /* customerImage.png */; };
		77E8F41F1BD2B97F00D2509E /* homeImage.png in Resources */ = {isa = PBXBuildFile; fileRef = 77E8F41B1BD2B97F00D2509E /* homeImage.png */; };
		77E8F4201BD2B97F00D2509E /* timeImage.png in Resources */ = {isa = PBXBuildFile; fileRef = 77E8F41C1BD2B97F00D2509E /* timeImage.png */; };
		77E8F4211BD2B97F00D2509E /* locationImage.png in Resources */ = {isa = PBXBuildFile; fileRef = 77E8F41D1BD2B97F00D2509E /* locationImage.png */; };
		77E8F4241BD2C3EB00D2509E /* MapViewOrder.m in Sources */ = {isa = PBXBuildFile; fileRef = 77E8F4231BD2C3EB00D2509E /* MapViewOrder.m */; };
		77E8F4271BD2D0B500D2509E /* MapKit.framework in Frameworks */ = {isa = PBXBuildFile; fileRef = 77E8F4261BD2D0B500D2509E /* MapKit.framework */; };
		77ED7D141BECDF26001A2F8E /* PartialSaleView.m in Sources */ = {isa = PBXBuildFile; fileRef = 77ED7D131BECDF26001A2F8E /* PartialSaleView.m */; };
		77FAA9B41BCF9A3A00349A05 /* LabelsTableViewCall.m in Sources */ = {isa = PBXBuildFile; fileRef = 77FAA9B31BCF9A3A00349A05 /* LabelsTableViewCall.m */; };
		77FAA9B81BCFA9C600349A05 /* UIColor+HexColor.m in Sources */ = {isa = PBXBuildFile; fileRef = 77FAA9B71BCFA9C600349A05 /* UIColor+HexColor.m */; };
		77FAA9BB1BCFB42900349A05 /* imageMetro1.png in Resources */ = {isa = PBXBuildFile; fileRef = 77FAA9B91BCFB42900349A05 /* imageMetro1.png */; };
		77FAA9BC1BCFB42900349A05 /* imageMetro2.png in Resources */ = {isa = PBXBuildFile; fileRef = 77FAA9BA1BCFB42900349A05 /* imageMetro2.png */; };
		77FDDCDB1BCC207400B2C13B /* buttonSettingsImage.png in Resources */ = {isa = PBXBuildFile; fileRef = 77FDDCDA1BCC207400B2C13B /* buttonSettingsImage.png */; };
		77FDDCDF1BCC261E00B2C13B /* SettingsView.m in Sources */ = {isa = PBXBuildFile; fileRef = 77FDDCDE1BCC261E00B2C13B /* SettingsView.m */; };
		77FDDCE11BCC36B800B2C13B /* buttonBack.png in Resources */ = {isa = PBXBuildFile; fileRef = 77FDDCE01BCC36B800B2C13B /* buttonBack.png */; };
		AD2A24951BD0CEF000E0BC31 /* ParserOrders.m in Sources */ = {isa = PBXBuildFile; fileRef = AD2A24941BD0CEF000E0BC31 /* ParserOrders.m */; };
		AD2A24981BD0CFBD00E0BC31 /* ParserResponseOrders.m in Sources */ = {isa = PBXBuildFile; fileRef = AD2A24971BD0CFBD00E0BC31 /* ParserResponseOrders.m */; };
		AD2A249B1BD0D4F100E0BC31 /* ParseDate.m in Sources */ = {isa = PBXBuildFile; fileRef = AD2A249A1BD0D4F100E0BC31 /* ParseDate.m */; };
		AD2A24A41BD1327A00E0BC31 /* MyOrdersView.m in Sources */ = {isa = PBXBuildFile; fileRef = AD2A24A31BD1327A00E0BC31 /* MyOrdersView.m */; };
		AD2A24A71BD4CFB800E0BC31 /* ParserOrder.m in Sources */ = {isa = PBXBuildFile; fileRef = AD2A24A61BD4CFB800E0BC31 /* ParserOrder.m */; };
		AD2A24AA1BD52B3000E0BC31 /* ParserResponseOrder.m in Sources */ = {isa = PBXBuildFile; fileRef = AD2A24A91BD52B3000E0BC31 /* ParserResponseOrder.m */; };
		AD45722E1C186F3F0053324F /* Reachability.m in Sources */ = {isa = PBXBuildFile; fileRef = AD45722D1C186F3F0053324F /* Reachability.m */; };
		AD45723C1C187AA00053324F /* InternetErrorViewController.m in Sources */ = {isa = PBXBuildFile; fileRef = AD45723B1C187AA00053324F /* InternetErrorViewController.m */; };
		AD87E9A51BCCF4AB00AF5C11 /* UsersModel.xcdatamodeld in Sources */ = {isa = PBXBuildFile; fileRef = AD87E9A31BCCF4AB00AF5C11 /* UsersModel.xcdatamodeld */; };
		AD87E9AA1BCCF56000AF5C11 /* Couriers+CoreDataProperties.m in Sources */ = {isa = PBXBuildFile; fileRef = AD87E9A71BCCF56000AF5C11 /* Couriers+CoreDataProperties.m */; };
		AD87E9AB1BCCF56000AF5C11 /* Couriers.m in Sources */ = {isa = PBXBuildFile; fileRef = AD87E9A91BCCF56000AF5C11 /* Couriers.m */; };
		AD87E9AF1BCCF59800AF5C11 /* CouriersDbClass.m in Sources */ = {isa = PBXBuildFile; fileRef = AD87E9AE1BCCF59800AF5C11 /* CouriersDbClass.m */; };
		AD87E9B31BCCF7F300AF5C11 /* APIClass.m in Sources */ = {isa = PBXBuildFile; fileRef = AD87E9B21BCCF7F300AF5C11 /* APIClass.m */; };
		AD87E9B91BCCF9DD00AF5C11 /* ParserCourier.m in Sources */ = {isa = PBXBuildFile; fileRef = AD87E9B81BCCF9DD00AF5C11 /* ParserCourier.m */; };
		AD87E9BD1BCD035800AF5C11 /* ParserResponseCourier.m in Sources */ = {isa = PBXBuildFile; fileRef = AD87E9BC1BCD035800AF5C11 /* ParserResponseCourier.m */; };
		AD87E9C01BCD924600AF5C11 /* SingleTone.m in Sources */ = {isa = PBXBuildFile; fileRef = AD87E9BF1BCD924600AF5C11 /* SingleTone.m */; };
		AD87E9C31BCF8C9F00AF5C11 /* APIPostClass.m in Sources */ = {isa = PBXBuildFile; fileRef = AD87E9C21BCF8C9E00AF5C11 /* APIPostClass.m */; };
		ADD823021BD7C34E00DD4C7B /* ECPhoneNumberFormatter.m in Sources */ = {isa = PBXBuildFile; fileRef = ADD823011BD7C34E00DD4C7B /* ECPhoneNumberFormatter.m */; };
		ADF869651C17072C002CE08E /* ParserFinance.m in Sources */ = {isa = PBXBuildFile; fileRef = ADF869641C17072C002CE08E /* ParserFinance.m */; };
		ADF869681C170808002CE08E /* ParserResponseFinance.m in Sources */ = {isa = PBXBuildFile; fileRef = ADF869671C170808002CE08E /* ParserResponseFinance.m */; };
/* End PBXBuildFile section */

/* Begin PBXContainerItemProxy section */
		779C5ABA1BCAFD4600F4F31D /* PBXContainerItemProxy */ = {
			isa = PBXContainerItemProxy;
			containerPortal = 779C5A981BCAFD4500F4F31D /* Project object */;
			proxyType = 1;
			remoteGlobalIDString = 779C5A9F1BCAFD4500F4F31D;
			remoteInfo = Leadoon;
		};
		779C5AC51BCAFD4600F4F31D /* PBXContainerItemProxy */ = {
			isa = PBXContainerItemProxy;
			containerPortal = 779C5A981BCAFD4500F4F31D /* Project object */;
			proxyType = 1;
			remoteGlobalIDString = 779C5A9F1BCAFD4500F4F31D;
			remoteInfo = Leadoon;
		};
/* End PBXContainerItemProxy section */

/* Begin PBXFileReference section */
		770C1E771BD78664005E4A50 /* phoneImage.png */ = {isa = PBXFileReference; lastKnownFileType = image.png; path = phoneImage.png; sourceTree = "<group>"; };
		770D556B1BDFD66D0059260F /* AnnotationMap.h */ = {isa = PBXFileReference; fileEncoding = 4; lastKnownFileType = sourcecode.c.h; path = AnnotationMap.h; sourceTree = "<group>"; };
		770D556C1BDFD66D0059260F /* AnnotationMap.m */ = {isa = PBXFileReference; fileEncoding = 4; lastKnownFileType = sourcecode.c.objc; path = AnnotationMap.m; sourceTree = "<group>"; };
		770D556E1BDFD83F0059260F /* bluePin.png */ = {isa = PBXFileReference; lastKnownFileType = image.png; path = bluePin.png; sourceTree = "<group>"; };
		770D556F1BDFD83F0059260F /* brownPin.png */ = {isa = PBXFileReference; lastKnownFileType = image.png; path = brownPin.png; sourceTree = "<group>"; };
		770D55701BDFD83F0059260F /* greenPin.png */ = {isa = PBXFileReference; lastKnownFileType = image.png; path = greenPin.png; sourceTree = "<group>"; };
		7713A3201BD0054F00F14506 /* basket.png */ = {isa = PBXFileReference; lastKnownFileType = image.png; path = basket.png; sourceTree = "<group>"; };
		772E41D51BD965CC00FA23D4 /* MapViewScoreboardOrders.h */ = {isa = PBXFileReference; fileEncoding = 4; lastKnownFileType = sourcecode.c.h; path = MapViewScoreboardOrders.h; sourceTree = "<group>"; };
		772E41D61BD965CC00FA23D4 /* MapViewScoreboardOrders.m */ = {isa = PBXFileReference; fileEncoding = 4; lastKnownFileType = sourcecode.c.objc; path = MapViewScoreboardOrders.m; sourceTree = "<group>"; };
		77501CE01BD5973300596DA8 /* ZSAnnotation.h */ = {isa = PBXFileReference; fileEncoding = 4; lastKnownFileType = sourcecode.c.h; path = ZSAnnotation.h; sourceTree = "<group>"; };
		77501CE11BD5973300596DA8 /* ZSAnnotation.m */ = {isa = PBXFileReference; fileEncoding = 4; lastKnownFileType = sourcecode.c.objc; path = ZSAnnotation.m; sourceTree = "<group>"; };
		77501CE31BD5997B00596DA8 /* ZSPinAnnotation.h */ = {isa = PBXFileReference; fileEncoding = 4; lastKnownFileType = sourcecode.c.h; path = ZSPinAnnotation.h; sourceTree = "<group>"; };
		77501CE41BD5997B00596DA8 /* ZSPinAnnotation.m */ = {isa = PBXFileReference; fileEncoding = 4; lastKnownFileType = sourcecode.c.objc; path = ZSPinAnnotation.m; sourceTree = "<group>"; };
		775A84F81BCBD2A2003BDC3D /* Animation.h */ = {isa = PBXFileReference; fileEncoding = 4; lastKnownFileType = sourcecode.c.h; path = Animation.h; sourceTree = "<group>"; };
		775A84F91BCBD2A2003BDC3D /* Animation.m */ = {isa = PBXFileReference; fileEncoding = 4; lastKnownFileType = sourcecode.c.objc; path = Animation.m; sourceTree = "<group>"; };
		7766B40C1C01B38100740E76 /* FinanceView.h */ = {isa = PBXFileReference; fileEncoding = 4; lastKnownFileType = sourcecode.c.h; path = FinanceView.h; sourceTree = "<group>"; };
		7766B40D1C01B38100740E76 /* FinanceView.m */ = {isa = PBXFileReference; fileEncoding = 4; lastKnownFileType = sourcecode.c.objc; path = FinanceView.m; sourceTree = "<group>"; };
		776F17221BD184B20085891A /* QuartzCore.framework */ = {isa = PBXFileReference; lastKnownFileType = wrapper.framework; name = QuartzCore.framework; path = System/Library/Frameworks/QuartzCore.framework; sourceTree = SDKROOT; };
		776F17271BD19B3D0085891A /* DetailsScoreboardOrderView.h */ = {isa = PBXFileReference; fileEncoding = 4; lastKnownFileType = sourcecode.c.h; path = DetailsScoreboardOrderView.h; sourceTree = "<group>"; };
		776F17281BD19B3D0085891A /* DetailsScoreboardOrderView.m */ = {isa = PBXFileReference; fileEncoding = 4; lastKnownFileType = sourcecode.c.objc; path = DetailsScoreboardOrderView.m; sourceTree = "<group>"; };
		7777DCB11BD7C63D0068922D /* MapViewDetailMyOrders.h */ = {isa = PBXFileReference; fileEncoding = 4; lastKnownFileType = sourcecode.c.h; path = MapViewDetailMyOrders.h; sourceTree = "<group>"; };
		7777DCB21BD7C63D0068922D /* MapViewDetailMyOrders.m */ = {isa = PBXFileReference; fileEncoding = 4; lastKnownFileType = sourcecode.c.objc; path = MapViewDetailMyOrders.m; sourceTree = "<group>"; };
		778D88AB1BCEEC84007E1F51 /* ScoreboardOrdersView.h */ = {isa = PBXFileReference; fileEncoding = 4; lastKnownFileType = sourcecode.c.h; path = ScoreboardOrdersView.h; sourceTree = "<group>"; };
		778D88AC1BCEEC84007E1F51 /* ScoreboardOrdersView.m */ = {isa = PBXFileReference; fileEncoding = 4; lastKnownFileType = sourcecode.c.objc; path = ScoreboardOrdersView.m; sourceTree = "<group>"; };
		779679F01C0B7E810098CC59 /* deleteButton.png */ = {isa = PBXFileReference; lastKnownFileType = image.png; path = deleteButton.png; sourceTree = "<group>"; };
		779C5AA01BCAFD4500F4F31D /* Leadoon.app */ = {isa = PBXFileReference; explicitFileType = wrapper.application; includeInIndex = 0; path = Leadoon.app; sourceTree = BUILT_PRODUCTS_DIR; };
		779C5AA41BCAFD4600F4F31D /* main.m */ = {isa = PBXFileReference; lastKnownFileType = sourcecode.c.objc; path = main.m; sourceTree = "<group>"; };
		779C5AA61BCAFD4600F4F31D /* AppDelegate.h */ = {isa = PBXFileReference; lastKnownFileType = sourcecode.c.h; path = AppDelegate.h; sourceTree = "<group>"; };
		779C5AA71BCAFD4600F4F31D /* AppDelegate.m */ = {isa = PBXFileReference; lastKnownFileType = sourcecode.c.objc; path = AppDelegate.m; sourceTree = "<group>"; };
		779C5AA91BCAFD4600F4F31D /* LoginView.h */ = {isa = PBXFileReference; lastKnownFileType = sourcecode.c.h; path = LoginView.h; sourceTree = "<group>"; };
		779C5AAA1BCAFD4600F4F31D /* LoginView.m */ = {isa = PBXFileReference; lastKnownFileType = sourcecode.c.objc; path = LoginView.m; sourceTree = "<group>"; };
		779C5AAD1BCAFD4600F4F31D /* Base */ = {isa = PBXFileReference; lastKnownFileType = file.storyboard; name = Base; path = Base.lproj/Main.storyboard; sourceTree = "<group>"; };
		779C5AAF1BCAFD4600F4F31D /* Assets.xcassets */ = {isa = PBXFileReference; lastKnownFileType = folder.assetcatalog; path = Assets.xcassets; sourceTree = "<group>"; };
		779C5AB21BCAFD4600F4F31D /* Base */ = {isa = PBXFileReference; lastKnownFileType = file.storyboard; name = Base; path = Base.lproj/LaunchScreen.storyboard; sourceTree = "<group>"; };
		779C5AB41BCAFD4600F4F31D /* Info.plist */ = {isa = PBXFileReference; lastKnownFileType = text.plist.xml; path = Info.plist; sourceTree = "<group>"; };
		779C5AB91BCAFD4600F4F31D /* LeadoonTests.xctest */ = {isa = PBXFileReference; explicitFileType = wrapper.cfbundle; includeInIndex = 0; path = LeadoonTests.xctest; sourceTree = BUILT_PRODUCTS_DIR; };
		779C5ABD1BCAFD4600F4F31D /* LeadoonTests.m */ = {isa = PBXFileReference; lastKnownFileType = sourcecode.c.objc; path = LeadoonTests.m; sourceTree = "<group>"; };
		779C5ABF1BCAFD4600F4F31D /* Info.plist */ = {isa = PBXFileReference; lastKnownFileType = text.plist.xml; path = Info.plist; sourceTree = "<group>"; };
		779C5AC41BCAFD4600F4F31D /* LeadoonUITests.xctest */ = {isa = PBXFileReference; explicitFileType = wrapper.cfbundle; includeInIndex = 0; path = LeadoonUITests.xctest; sourceTree = BUILT_PRODUCTS_DIR; };
		779C5AC81BCAFD4600F4F31D /* LeadoonUITests.m */ = {isa = PBXFileReference; lastKnownFileType = sourcecode.c.objc; path = LeadoonUITests.m; sourceTree = "<group>"; };
		779C5ACA1BCAFD4600F4F31D /* Info.plist */ = {isa = PBXFileReference; lastKnownFileType = text.plist.xml; path = Info.plist; sourceTree = "<group>"; };
		779C5AD61BCB061300F4F31D /* MainView.h */ = {isa = PBXFileReference; fileEncoding = 4; lastKnownFileType = sourcecode.c.h; path = MainView.h; sourceTree = "<group>"; };
		779C5AD71BCB061300F4F31D /* MainView.m */ = {isa = PBXFileReference; fileEncoding = 4; lastKnownFileType = sourcecode.c.objc; path = MainView.m; sourceTree = "<group>"; };
		77B2058D1C08D2A100D168FF /* AdditionalExpenses.h */ = {isa = PBXFileReference; fileEncoding = 4; lastKnownFileType = sourcecode.c.h; path = AdditionalExpenses.h; sourceTree = "<group>"; };
		77B2058E1C08D2A100D168FF /* AdditionalExpenses.m */ = {isa = PBXFileReference; fileEncoding = 4; lastKnownFileType = sourcecode.c.objc; path = AdditionalExpenses.m; sourceTree = "<group>"; };
		77B205901C08D84700D168FF /* HistoryOfTheMovement.h */ = {isa = PBXFileReference; fileEncoding = 4; lastKnownFileType = sourcecode.c.h; path = HistoryOfTheMovement.h; sourceTree = "<group>"; };
		77B205911C08D84700D168FF /* HistoryOfTheMovement.m */ = {isa = PBXFileReference; fileEncoding = 4; lastKnownFileType = sourcecode.c.objc; path = HistoryOfTheMovement.m; sourceTree = "<group>"; };
		77C4FD4D1BDFF123009D7C1A /* UIView+MKAnnotationView.h */ = {isa = PBXFileReference; fileEncoding = 4; lastKnownFileType = sourcecode.c.h; path = "UIView+MKAnnotationView.h"; sourceTree = "<group>"; };
		77C4FD4E1BDFF123009D7C1A /* UIView+MKAnnotationView.m */ = {isa = PBXFileReference; fileEncoding = 4; lastKnownFileType = sourcecode.c.objc; path = "UIView+MKAnnotationView.m"; sourceTree = "<group>"; };
		77C903721BD6AC4200B54E6A /* MyOrdersViewDetail.h */ = {isa = PBXFileReference; fileEncoding = 4; lastKnownFileType = sourcecode.c.h; path = MyOrdersViewDetail.h; sourceTree = "<group>"; };
		77C903731BD6AC4200B54E6A /* MyOrdersViewDetail.m */ = {isa = PBXFileReference; fileEncoding = 4; lastKnownFileType = sourcecode.c.objc; path = MyOrdersViewDetail.m; sourceTree = "<group>"; };
		77C903771BD6CB5F00B54E6A /* HeightForText.h */ = {isa = PBXFileReference; fileEncoding = 4; lastKnownFileType = sourcecode.c.h; path = HeightForText.h; sourceTree = "<group>"; };
		77C903781BD6CB5F00B54E6A /* HeightForText.m */ = {isa = PBXFileReference; fileEncoding = 4; lastKnownFileType = sourcecode.c.objc; path = HeightForText.m; sourceTree = "<group>"; };
		77E01C0D1BE8ADF600339E2A /* MapViewMyOrders.h */ = {isa = PBXFileReference; fileEncoding = 4; lastKnownFileType = sourcecode.c.h; path = MapViewMyOrders.h; sourceTree = "<group>"; };
		77E01C0E1BE8ADF600339E2A /* MapViewMyOrders.m */ = {isa = PBXFileReference; fileEncoding = 4; lastKnownFileType = sourcecode.c.objc; path = MapViewMyOrders.m; sourceTree = "<group>"; };
		77E01C101BE8CE2B00339E2A /* nav.png */ = {isa = PBXFileReference; lastKnownFileType = image.png; path = nav.png; sourceTree = "<group>"; };
		77E36FC31BF384270094FD29 /* WorksCompletedView.h */ = {isa = PBXFileReference; fileEncoding = 4; lastKnownFileType = sourcecode.c.h; path = WorksCompletedView.h; sourceTree = "<group>"; };
		77E36FC41BF384270094FD29 /* WorksCompletedView.m */ = {isa = PBXFileReference; fileEncoding = 4; lastKnownFileType = sourcecode.c.objc; path = WorksCompletedView.m; sourceTree = "<group>"; };
		77E36FC61BF3BAFF0094FD29 /* WorksCompletedViewDetail.h */ = {isa = PBXFileReference; fileEncoding = 4; lastKnownFileType = sourcecode.c.h; path = WorksCompletedViewDetail.h; sourceTree = "<group>"; };
		77E36FC71BF3BAFF0094FD29 /* WorksCompletedViewDetail.m */ = {isa = PBXFileReference; fileEncoding = 4; lastKnownFileType = sourcecode.c.objc; path = WorksCompletedViewDetail.m; sourceTree = "<group>"; };
		77E8F41A1BD2B97F00D2509E /* customerImage.png */ = {isa = PBXFileReference; lastKnownFileType = image.png; path = customerImage.png; sourceTree = "<group>"; };
		77E8F41B1BD2B97F00D2509E /* homeImage.png */ = {isa = PBXFileReference; lastKnownFileType = image.png; path = homeImage.png; sourceTree = "<group>"; };
		77E8F41C1BD2B97F00D2509E /* timeImage.png */ = {isa = PBXFileReference; lastKnownFileType = image.png; path = timeImage.png; sourceTree = "<group>"; };
		77E8F41D1BD2B97F00D2509E /* locationImage.png */ = {isa = PBXFileReference; lastKnownFileType = image.png; path = locationImage.png; sourceTree = "<group>"; };
		77E8F4221BD2C3EB00D2509E /* MapViewOrder.h */ = {isa = PBXFileReference; fileEncoding = 4; lastKnownFileType = sourcecode.c.h; path = MapViewOrder.h; sourceTree = "<group>"; };
		77E8F4231BD2C3EB00D2509E /* MapViewOrder.m */ = {isa = PBXFileReference; fileEncoding = 4; lastKnownFileType = sourcecode.c.objc; path = MapViewOrder.m; sourceTree = "<group>"; };
		77E8F4261BD2D0B500D2509E /* MapKit.framework */ = {isa = PBXFileReference; lastKnownFileType = wrapper.framework; name = MapKit.framework; path = System/Library/Frameworks/MapKit.framework; sourceTree = SDKROOT; };
		77ED7D121BECDF26001A2F8E /* PartialSaleView.h */ = {isa = PBXFileReference; fileEncoding = 4; lastKnownFileType = sourcecode.c.h; path = PartialSaleView.h; sourceTree = "<group>"; };
		77ED7D131BECDF26001A2F8E /* PartialSaleView.m */ = {isa = PBXFileReference; fileEncoding = 4; lastKnownFileType = sourcecode.c.objc; path = PartialSaleView.m; sourceTree = "<group>"; };
		77FAA9B21BCF9A3A00349A05 /* LabelsTableViewCall.h */ = {isa = PBXFileReference; fileEncoding = 4; lastKnownFileType = sourcecode.c.h; path = LabelsTableViewCall.h; sourceTree = "<group>"; };
		77FAA9B31BCF9A3A00349A05 /* LabelsTableViewCall.m */ = {isa = PBXFileReference; fileEncoding = 4; lastKnownFileType = sourcecode.c.objc; path = LabelsTableViewCall.m; sourceTree = "<group>"; };
		77FAA9B61BCFA9C600349A05 /* UIColor+HexColor.h */ = {isa = PBXFileReference; fileEncoding = 4; lastKnownFileType = sourcecode.c.h; path = "UIColor+HexColor.h"; sourceTree = "<group>"; };
		77FAA9B71BCFA9C600349A05 /* UIColor+HexColor.m */ = {isa = PBXFileReference; fileEncoding = 4; lastKnownFileType = sourcecode.c.objc; path = "UIColor+HexColor.m"; sourceTree = "<group>"; };
		77FAA9B91BCFB42900349A05 /* imageMetro1.png */ = {isa = PBXFileReference; lastKnownFileType = image.png; path = imageMetro1.png; sourceTree = "<group>"; };
		77FAA9BA1BCFB42900349A05 /* imageMetro2.png */ = {isa = PBXFileReference; lastKnownFileType = image.png; path = imageMetro2.png; sourceTree = "<group>"; };
		77FDDCDA1BCC207400B2C13B /* buttonSettingsImage.png */ = {isa = PBXFileReference; lastKnownFileType = image.png; path = buttonSettingsImage.png; sourceTree = "<group>"; };
		77FDDCDD1BCC261E00B2C13B /* SettingsView.h */ = {isa = PBXFileReference; fileEncoding = 4; lastKnownFileType = sourcecode.c.h; path = SettingsView.h; sourceTree = "<group>"; };
		77FDDCDE1BCC261E00B2C13B /* SettingsView.m */ = {isa = PBXFileReference; fileEncoding = 4; lastKnownFileType = sourcecode.c.objc; path = SettingsView.m; sourceTree = "<group>"; };
		77FDDCE01BCC36B800B2C13B /* buttonBack.png */ = {isa = PBXFileReference; lastKnownFileType = image.png; path = buttonBack.png; sourceTree = "<group>"; };
		8086FCD04285A708D5862A6C /* Pods-Leadoon.release.xcconfig */ = {isa = PBXFileReference; includeInIndex = 1; lastKnownFileType = text.xcconfig; name = "Pods-Leadoon.release.xcconfig"; path = "Pods/Target Support Files/Pods-Leadoon/Pods-Leadoon.release.xcconfig"; sourceTree = "<group>"; };
		AD2A24931BD0CEF000E0BC31 /* ParserOrders.h */ = {isa = PBXFileReference; fileEncoding = 4; lastKnownFileType = sourcecode.c.h; path = ParserOrders.h; sourceTree = "<group>"; };
		AD2A24941BD0CEF000E0BC31 /* ParserOrders.m */ = {isa = PBXFileReference; fileEncoding = 4; lastKnownFileType = sourcecode.c.objc; path = ParserOrders.m; sourceTree = "<group>"; };
		AD2A24961BD0CFBD00E0BC31 /* ParserResponseOrders.h */ = {isa = PBXFileReference; fileEncoding = 4; lastKnownFileType = sourcecode.c.h; path = ParserResponseOrders.h; sourceTree = "<group>"; };
		AD2A24971BD0CFBD00E0BC31 /* ParserResponseOrders.m */ = {isa = PBXFileReference; fileEncoding = 4; lastKnownFileType = sourcecode.c.objc; path = ParserResponseOrders.m; sourceTree = "<group>"; };
		AD2A24991BD0D4F100E0BC31 /* ParseDate.h */ = {isa = PBXFileReference; fileEncoding = 4; lastKnownFileType = sourcecode.c.h; path = ParseDate.h; sourceTree = "<group>"; };
		AD2A249A1BD0D4F100E0BC31 /* ParseDate.m */ = {isa = PBXFileReference; fileEncoding = 4; lastKnownFileType = sourcecode.c.objc; path = ParseDate.m; sourceTree = "<group>"; };
		AD2A24A21BD1327A00E0BC31 /* MyOrdersView.h */ = {isa = PBXFileReference; fileEncoding = 4; lastKnownFileType = sourcecode.c.h; path = MyOrdersView.h; sourceTree = "<group>"; };
		AD2A24A31BD1327A00E0BC31 /* MyOrdersView.m */ = {isa = PBXFileReference; fileEncoding = 4; lastKnownFileType = sourcecode.c.objc; path = MyOrdersView.m; sourceTree = "<group>"; };
		AD2A24A51BD4CFB800E0BC31 /* ParserOrder.h */ = {isa = PBXFileReference; fileEncoding = 4; lastKnownFileType = sourcecode.c.h; path = ParserOrder.h; sourceTree = "<group>"; };
		AD2A24A61BD4CFB800E0BC31 /* ParserOrder.m */ = {isa = PBXFileReference; fileEncoding = 4; lastKnownFileType = sourcecode.c.objc; path = ParserOrder.m; sourceTree = "<group>"; };
		AD2A24A81BD52B3000E0BC31 /* ParserResponseOrder.h */ = {isa = PBXFileReference; fileEncoding = 4; lastKnownFileType = sourcecode.c.h; path = ParserResponseOrder.h; sourceTree = "<group>"; };
		AD2A24A91BD52B3000E0BC31 /* ParserResponseOrder.m */ = {isa = PBXFileReference; fileEncoding = 4; lastKnownFileType = sourcecode.c.objc; path = ParserResponseOrder.m; sourceTree = "<group>"; };
		AD45722C1C186F3F0053324F /* Reachability.h */ = {isa = PBXFileReference; fileEncoding = 4; lastKnownFileType = sourcecode.c.h; path = Reachability.h; sourceTree = "<group>"; };
		AD45722D1C186F3F0053324F /* Reachability.m */ = {isa = PBXFileReference; fileEncoding = 4; lastKnownFileType = sourcecode.c.objc; path = Reachability.m; sourceTree = "<group>"; };
		AD45723A1C187AA00053324F /* InternetErrorViewController.h */ = {isa = PBXFileReference; fileEncoding = 4; lastKnownFileType = sourcecode.c.h; path = InternetErrorViewController.h; sourceTree = "<group>"; };
		AD45723B1C187AA00053324F /* InternetErrorViewController.m */ = {isa = PBXFileReference; fileEncoding = 4; lastKnownFileType = sourcecode.c.objc; path = InternetErrorViewController.m; sourceTree = "<group>"; };
		AD87E9A41BCCF4AB00AF5C11 /* UsersModel.xcdatamodel */ = {isa = PBXFileReference; lastKnownFileType = wrapper.xcdatamodel; path = UsersModel.xcdatamodel; sourceTree = "<group>"; };
		AD87E9A61BCCF56000AF5C11 /* Couriers+CoreDataProperties.h */ = {isa = PBXFileReference; fileEncoding = 4; lastKnownFileType = sourcecode.c.h; name = "Couriers+CoreDataProperties.h"; path = "../Couriers+CoreDataProperties.h"; sourceTree = "<group>"; };
		AD87E9A71BCCF56000AF5C11 /* Couriers+CoreDataProperties.m */ = {isa = PBXFileReference; fileEncoding = 4; lastKnownFileType = sourcecode.c.objc; name = "Couriers+CoreDataProperties.m"; path = "../Couriers+CoreDataProperties.m"; sourceTree = "<group>"; };
		AD87E9A81BCCF56000AF5C11 /* Couriers.h */ = {isa = PBXFileReference; fileEncoding = 4; lastKnownFileType = sourcecode.c.h; name = Couriers.h; path = ../Couriers.h; sourceTree = "<group>"; };
		AD87E9A91BCCF56000AF5C11 /* Couriers.m */ = {isa = PBXFileReference; fileEncoding = 4; lastKnownFileType = sourcecode.c.objc; name = Couriers.m; path = ../Couriers.m; sourceTree = "<group>"; };
		AD87E9AD1BCCF59800AF5C11 /* CouriersDbClass.h */ = {isa = PBXFileReference; fileEncoding = 4; lastKnownFileType = sourcecode.c.h; path = CouriersDbClass.h; sourceTree = "<group>"; };
		AD87E9AE1BCCF59800AF5C11 /* CouriersDbClass.m */ = {isa = PBXFileReference; fileEncoding = 4; lastKnownFileType = sourcecode.c.objc; path = CouriersDbClass.m; sourceTree = "<group>"; };
		AD87E9B11BCCF7F300AF5C11 /* APIClass.h */ = {isa = PBXFileReference; fileEncoding = 4; lastKnownFileType = sourcecode.c.h; path = APIClass.h; sourceTree = "<group>"; };
		AD87E9B21BCCF7F300AF5C11 /* APIClass.m */ = {isa = PBXFileReference; fileEncoding = 4; lastKnownFileType = sourcecode.c.objc; path = APIClass.m; sourceTree = "<group>"; };
		AD87E9B71BCCF9DD00AF5C11 /* ParserCourier.h */ = {isa = PBXFileReference; fileEncoding = 4; lastKnownFileType = sourcecode.c.h; path = ParserCourier.h; sourceTree = "<group>"; };
		AD87E9B81BCCF9DD00AF5C11 /* ParserCourier.m */ = {isa = PBXFileReference; fileEncoding = 4; lastKnownFileType = sourcecode.c.objc; path = ParserCourier.m; sourceTree = "<group>"; };
		AD87E9BB1BCD035800AF5C11 /* ParserResponseCourier.h */ = {isa = PBXFileReference; fileEncoding = 4; lastKnownFileType = sourcecode.c.h; path = ParserResponseCourier.h; sourceTree = "<group>"; };
		AD87E9BC1BCD035800AF5C11 /* ParserResponseCourier.m */ = {isa = PBXFileReference; fileEncoding = 4; lastKnownFileType = sourcecode.c.objc; path = ParserResponseCourier.m; sourceTree = "<group>"; };
		AD87E9BE1BCD924600AF5C11 /* SingleTone.h */ = {isa = PBXFileReference; fileEncoding = 4; lastKnownFileType = sourcecode.c.h; path = SingleTone.h; sourceTree = "<group>"; };
		AD87E9BF1BCD924600AF5C11 /* SingleTone.m */ = {isa = PBXFileReference; fileEncoding = 4; lastKnownFileType = sourcecode.c.objc; path = SingleTone.m; sourceTree = "<group>"; };
		AD87E9C11BCF8C9E00AF5C11 /* APIPostClass.h */ = {isa = PBXFileReference; fileEncoding = 4; lastKnownFileType = sourcecode.c.h; path = APIPostClass.h; sourceTree = "<group>"; };
		AD87E9C21BCF8C9E00AF5C11 /* APIPostClass.m */ = {isa = PBXFileReference; fileEncoding = 4; lastKnownFileType = sourcecode.c.objc; path = APIPostClass.m; sourceTree = "<group>"; };
		ADD823001BD7C34E00DD4C7B /* ECPhoneNumberFormatter.h */ = {isa = PBXFileReference; fileEncoding = 4; lastKnownFileType = sourcecode.c.h; path = ECPhoneNumberFormatter.h; sourceTree = "<group>"; };
		ADD823011BD7C34E00DD4C7B /* ECPhoneNumberFormatter.m */ = {isa = PBXFileReference; fileEncoding = 4; lastKnownFileType = sourcecode.c.objc; path = ECPhoneNumberFormatter.m; sourceTree = "<group>"; };
		ADF869631C17072C002CE08E /* ParserFinance.h */ = {isa = PBXFileReference; fileEncoding = 4; lastKnownFileType = sourcecode.c.h; path = ParserFinance.h; sourceTree = "<group>"; };
		ADF869641C17072C002CE08E /* ParserFinance.m */ = {isa = PBXFileReference; fileEncoding = 4; lastKnownFileType = sourcecode.c.objc; path = ParserFinance.m; sourceTree = "<group>"; };
		ADF869661C170808002CE08E /* ParserResponseFinance.h */ = {isa = PBXFileReference; fileEncoding = 4; lastKnownFileType = sourcecode.c.h; path = ParserResponseFinance.h; sourceTree = "<group>"; };
		ADF869671C170808002CE08E /* ParserResponseFinance.m */ = {isa = PBXFileReference; fileEncoding = 4; lastKnownFileType = sourcecode.c.objc; path = ParserResponseFinance.m; sourceTree = "<group>"; };
		AEF5C251689197AD98D73673 /* Pods-Leadoon.debug.xcconfig */ = {isa = PBXFileReference; includeInIndex = 1; lastKnownFileType = text.xcconfig; name = "Pods-Leadoon.debug.xcconfig"; path = "Pods/Target Support Files/Pods-Leadoon/Pods-Leadoon.debug.xcconfig"; sourceTree = "<group>"; };
		C59AE2F176CF95A5A7C5D435 /* libPods-Leadoon.a */ = {isa = PBXFileReference; explicitFileType = archive.ar; includeInIndex = 0; path = "libPods-Leadoon.a"; sourceTree = BUILT_PRODUCTS_DIR; };
/* End PBXFileReference section */

/* Begin PBXFrameworksBuildPhase section */
		779C5A9D1BCAFD4500F4F31D /* Frameworks */ = {
			isa = PBXFrameworksBuildPhase;
			buildActionMask = 2147483647;
			files = (
				776F17231BD184B20085891A /* QuartzCore.framework in Frameworks */,
				77E8F4271BD2D0B500D2509E /* MapKit.framework in Frameworks */,
				43CE65F39BA469C87A37D02C /* libPods-Leadoon.a in Frameworks */,
			);
			runOnlyForDeploymentPostprocessing = 0;
		};
		779C5AB61BCAFD4600F4F31D /* Frameworks */ = {
			isa = PBXFrameworksBuildPhase;
			buildActionMask = 2147483647;
			files = (
			);
			runOnlyForDeploymentPostprocessing = 0;
		};
		779C5AC11BCAFD4600F4F31D /* Frameworks */ = {
			isa = PBXFrameworksBuildPhase;
			buildActionMask = 2147483647;
			files = (
			);
			runOnlyForDeploymentPostprocessing = 0;
		};
/* End PBXFrameworksBuildPhase section */

/* Begin PBXGroup section */
		14CEF10D3B99BAC1E0CFE99D /* Pods */ = {
			isa = PBXGroup;
			children = (
				AEF5C251689197AD98D73673 /* Pods-Leadoon.debug.xcconfig */,
				8086FCD04285A708D5862A6C /* Pods-Leadoon.release.xcconfig */,
			);
			name = Pods;
			sourceTree = "<group>";
		};
		5590283E37CA6401E0CAAD5A /* Frameworks */ = {
			isa = PBXGroup;
			children = (
				77E8F4261BD2D0B500D2509E /* MapKit.framework */,
				776F17221BD184B20085891A /* QuartzCore.framework */,
				C59AE2F176CF95A5A7C5D435 /* libPods-Leadoon.a */,
			);
			name = Frameworks;
			sourceTree = "<group>";
		};
		770C1E791BD7B49A005E4A50 /* CustonAnnotation */ = {
			isa = PBXGroup;
			children = (
				77501CE01BD5973300596DA8 /* ZSAnnotation.h */,
				77501CE11BD5973300596DA8 /* ZSAnnotation.m */,
				77501CE31BD5997B00596DA8 /* ZSPinAnnotation.h */,
				77501CE41BD5997B00596DA8 /* ZSPinAnnotation.m */,
				770D556B1BDFD66D0059260F /* AnnotationMap.h */,
				770D556C1BDFD66D0059260F /* AnnotationMap.m */,
				770D556E1BDFD83F0059260F /* bluePin.png */,
				770D556F1BDFD83F0059260F /* brownPin.png */,
				770D55701BDFD83F0059260F /* greenPin.png */,
			);
			name = CustonAnnotation;
			sourceTree = "<group>";
		};
		7747AC991BD50C6F006F3A7A /* ScoreboardOrdersDetail */ = {
			isa = PBXGroup;
			children = (
				77501CE61BD59D1D00596DA8 /* MapDetail */,
				776F17271BD19B3D0085891A /* DetailsScoreboardOrderView.h */,
				776F17281BD19B3D0085891A /* DetailsScoreboardOrderView.m */,
			);
			name = ScoreboardOrdersDetail;
			sourceTree = "<group>";
		};
		77501CE61BD59D1D00596DA8 /* MapDetail */ = {
			isa = PBXGroup;
			children = (
				77E8F4221BD2C3EB00D2509E /* MapViewOrder.h */,
				77E8F4231BD2C3EB00D2509E /* MapViewOrder.m */,
			);
			name = MapDetail;
			sourceTree = "<group>";
		};
		775A84F71BCBD284003BDC3D /* Animation */ = {
			isa = PBXGroup;
			children = (
				775A84F81BCBD2A2003BDC3D /* Animation.h */,
				775A84F91BCBD2A2003BDC3D /* Animation.m */,
			);
			name = Animation;
			sourceTree = "<group>";
		};
		7766B40B1C01B32A00740E76 /* Finance */ = {
			isa = PBXGroup;
			children = (
				779679F01C0B7E810098CC59 /* deleteButton.png */,
				7766B40C1C01B38100740E76 /* FinanceView.h */,
				7766B40D1C01B38100740E76 /* FinanceView.m */,
				77B2058D1C08D2A100D168FF /* AdditionalExpenses.h */,
				77B2058E1C08D2A100D168FF /* AdditionalExpenses.m */,
				77B205901C08D84700D168FF /* HistoryOfTheMovement.h */,
				77B205911C08D84700D168FF /* HistoryOfTheMovement.m */,
			);
			name = Finance;
			sourceTree = "<group>";
		};
		7777DCB01BD7C6120068922D /* MapViewDetailMyOrders */ = {
			isa = PBXGroup;
			children = (
				7777DCB11BD7C63D0068922D /* MapViewDetailMyOrders.h */,
				7777DCB21BD7C63D0068922D /* MapViewDetailMyOrders.m */,
			);
			name = MapViewDetailMyOrders;
			sourceTree = "<group>";
		};
		778D88AA1BCEEC68007E1F51 /* ScoreboardOrders */ = {
			isa = PBXGroup;
			children = (
				772E41D51BD965CC00FA23D4 /* MapViewScoreboardOrders.h */,
				772E41D61BD965CC00FA23D4 /* MapViewScoreboardOrders.m */,
				7747AC991BD50C6F006F3A7A /* ScoreboardOrdersDetail */,
				77E8F4251BD2C3F500D2509E /* images */,
				778D88AB1BCEEC84007E1F51 /* ScoreboardOrdersView.h */,
				778D88AC1BCEEC84007E1F51 /* ScoreboardOrdersView.m */,
				77FAA9B21BCF9A3A00349A05 /* LabelsTableViewCall.h */,
				77FAA9B31BCF9A3A00349A05 /* LabelsTableViewCall.m */,
			);
			name = ScoreboardOrders;
			sourceTree = "<group>";
		};
		779C5A971BCAFD4500F4F31D = {
			isa = PBXGroup;
			children = (
				779C5AA21BCAFD4600F4F31D /* Leadoon */,
				779C5ABC1BCAFD4600F4F31D /* LeadoonTests */,
				779C5AC71BCAFD4600F4F31D /* LeadoonUITests */,
				779C5AA11BCAFD4500F4F31D /* Products */,
				14CEF10D3B99BAC1E0CFE99D /* Pods */,
				5590283E37CA6401E0CAAD5A /* Frameworks */,
			);
			sourceTree = "<group>";
		};
		779C5AA11BCAFD4500F4F31D /* Products */ = {
			isa = PBXGroup;
			children = (
				779C5AA01BCAFD4500F4F31D /* Leadoon.app */,
				779C5AB91BCAFD4600F4F31D /* LeadoonTests.xctest */,
				779C5AC41BCAFD4600F4F31D /* LeadoonUITests.xctest */,
			);
			name = Products;
			sourceTree = "<group>";
		};
		779C5AA21BCAFD4600F4F31D /* Leadoon */ = {
			isa = PBXGroup;
			children = (
				770C1E791BD7B49A005E4A50 /* CustonAnnotation */,
				77FAA9B51BCFA99A00349A05 /* Category */,
				AD87E9B01BCCF7E200AF5C11 /* API */,
				AD87E9AC1BCCF56500AF5C11 /* CoreData */,
				77FDDCDC1BCC25E400B2C13B /* Settings */,
				AD87E9BA1BCCFBFD00AF5C11 /* Images */,
				779C5AD91BCB061A00F4F31D /* MainView */,
				779C5AA61BCAFD4600F4F31D /* AppDelegate.h */,
				779C5AA71BCAFD4600F4F31D /* AppDelegate.m */,
				AD45722C1C186F3F0053324F /* Reachability.h */,
				AD45722D1C186F3F0053324F /* Reachability.m */,
				AD87E9BE1BCD924600AF5C11 /* SingleTone.h */,
				AD87E9BF1BCD924600AF5C11 /* SingleTone.m */,
				779C5AA91BCAFD4600F4F31D /* LoginView.h */,
				779C5AAA1BCAFD4600F4F31D /* LoginView.m */,
				AD45723A1C187AA00053324F /* InternetErrorViewController.h */,
				AD45723B1C187AA00053324F /* InternetErrorViewController.m */,
				779C5AAC1BCAFD4600F4F31D /* Main.storyboard */,
				779C5AAF1BCAFD4600F4F31D /* Assets.xcassets */,
				779C5AB11BCAFD4600F4F31D /* LaunchScreen.storyboard */,
				779C5AB41BCAFD4600F4F31D /* Info.plist */,
				779C5AA31BCAFD4600F4F31D /* Supporting Files */,
				AD87E9A31BCCF4AB00AF5C11 /* UsersModel.xcdatamodeld */,
			);
			path = Leadoon;
			sourceTree = "<group>";
		};
		779C5AA31BCAFD4600F4F31D /* Supporting Files */ = {
			isa = PBXGroup;
			children = (
				779C5AA41BCAFD4600F4F31D /* main.m */,
			);
			name = "Supporting Files";
			sourceTree = "<group>";
		};
		779C5ABC1BCAFD4600F4F31D /* LeadoonTests */ = {
			isa = PBXGroup;
			children = (
				779C5ABD1BCAFD4600F4F31D /* LeadoonTests.m */,
				779C5ABF1BCAFD4600F4F31D /* Info.plist */,
			);
			path = LeadoonTests;
			sourceTree = "<group>";
		};
		779C5AC71BCAFD4600F4F31D /* LeadoonUITests */ = {
			isa = PBXGroup;
			children = (
				779C5AC81BCAFD4600F4F31D /* LeadoonUITests.m */,
				779C5ACA1BCAFD4600F4F31D /* Info.plist */,
			);
			path = LeadoonUITests;
			sourceTree = "<group>";
		};
		779C5AD91BCB061A00F4F31D /* MainView */ = {
			isa = PBXGroup;
			children = (
				7766B40B1C01B32A00740E76 /* Finance */,
				77E36FC21BF383B10094FD29 /* WorksCompleted */,
				77C3C1C21BD653BD00BD8299 /* MyOrdersView */,
				778D88AA1BCEEC68007E1F51 /* ScoreboardOrders */,
				779C5AD61BCB061300F4F31D /* MainView.h */,
				779C5AD71BCB061300F4F31D /* MainView.m */,
			);
			name = MainView;
			sourceTree = "<group>";
		};
		77C3C1C21BD653BD00BD8299 /* MyOrdersView */ = {
			isa = PBXGroup;
			children = (
				77E01C0D1BE8ADF600339E2A /* MapViewMyOrders.h */,
				77E01C0E1BE8ADF600339E2A /* MapViewMyOrders.m */,
				77C903711BD6ABF800B54E6A /* MyOrdersViewDetail */,
				AD2A24A21BD1327A00E0BC31 /* MyOrdersView.h */,
				AD2A24A31BD1327A00E0BC31 /* MyOrdersView.m */,
			);
			name = MyOrdersView;
			sourceTree = "<group>";
		};
		77C903711BD6ABF800B54E6A /* MyOrdersViewDetail */ = {
			isa = PBXGroup;
			children = (
				77ED7D121BECDF26001A2F8E /* PartialSaleView.h */,
				77ED7D131BECDF26001A2F8E /* PartialSaleView.m */,
				7777DCB01BD7C6120068922D /* MapViewDetailMyOrders */,
				77C903721BD6AC4200B54E6A /* MyOrdersViewDetail.h */,
				77C903731BD6AC4200B54E6A /* MyOrdersViewDetail.m */,
			);
			name = MyOrdersViewDetail;
			sourceTree = "<group>";
		};
		77E36FC21BF383B10094FD29 /* WorksCompleted */ = {
			isa = PBXGroup;
			children = (
				77E36FC31BF384270094FD29 /* WorksCompletedView.h */,
				77E36FC41BF384270094FD29 /* WorksCompletedView.m */,
				77E36FC61BF3BAFF0094FD29 /* WorksCompletedViewDetail.h */,
				77E36FC71BF3BAFF0094FD29 /* WorksCompletedViewDetail.m */,
			);
			name = WorksCompleted;
			sourceTree = "<group>";
		};
		77E8F4251BD2C3F500D2509E /* images */ = {
			isa = PBXGroup;
			children = (
				77FAA9B91BCFB42900349A05 /* imageMetro1.png */,
				77FAA9BA1BCFB42900349A05 /* imageMetro2.png */,
				7713A3201BD0054F00F14506 /* basket.png */,
				77E8F41A1BD2B97F00D2509E /* customerImage.png */,
				77E8F41B1BD2B97F00D2509E /* homeImage.png */,
				77E8F41C1BD2B97F00D2509E /* timeImage.png */,
				77E8F41D1BD2B97F00D2509E /* locationImage.png */,
				770C1E771BD78664005E4A50 /* phoneImage.png */,
			);
			name = images;
			sourceTree = "<group>";
		};
		77FAA9B51BCFA99A00349A05 /* Category */ = {
			isa = PBXGroup;
			children = (
				77C4FD4D1BDFF123009D7C1A /* UIView+MKAnnotationView.h */,
				77C4FD4E1BDFF123009D7C1A /* UIView+MKAnnotationView.m */,
				77FAA9B61BCFA9C600349A05 /* UIColor+HexColor.h */,
				77FAA9B71BCFA9C600349A05 /* UIColor+HexColor.m */,
				77C903781BD6CB5F00B54E6A /* HeightForText.m */,
				77C903771BD6CB5F00B54E6A /* HeightForText.h */,
				ADD823001BD7C34E00DD4C7B /* ECPhoneNumberFormatter.h */,
				ADD823011BD7C34E00DD4C7B /* ECPhoneNumberFormatter.m */,
				775A84F71BCBD284003BDC3D /* Animation */,
			);
			name = Category;
			sourceTree = "<group>";
		};
		77FDDCDC1BCC25E400B2C13B /* Settings */ = {
			isa = PBXGroup;
			children = (
				77FDDCDD1BCC261E00B2C13B /* SettingsView.h */,
				77FDDCDE1BCC261E00B2C13B /* SettingsView.m */,
			);
			name = Settings;
			sourceTree = "<group>";
		};
		AD87E9AC1BCCF56500AF5C11 /* CoreData */ = {
			isa = PBXGroup;
			children = (
				AD87E9A61BCCF56000AF5C11 /* Couriers+CoreDataProperties.h */,
				AD87E9A71BCCF56000AF5C11 /* Couriers+CoreDataProperties.m */,
				AD87E9A81BCCF56000AF5C11 /* Couriers.h */,
				AD87E9A91BCCF56000AF5C11 /* Couriers.m */,
				AD87E9AD1BCCF59800AF5C11 /* CouriersDbClass.h */,
				AD87E9AE1BCCF59800AF5C11 /* CouriersDbClass.m */,
			);
			name = CoreData;
			sourceTree = "<group>";
		};
		AD87E9B01BCCF7E200AF5C11 /* API */ = {
			isa = PBXGroup;
			children = (
				AD87E9B11BCCF7F300AF5C11 /* APIClass.h */,
				AD87E9B21BCCF7F300AF5C11 /* APIClass.m */,
				AD87E9C11BCF8C9E00AF5C11 /* APIPostClass.h */,
				AD87E9C21BCF8C9E00AF5C11 /* APIPostClass.m */,
				AD87E9B71BCCF9DD00AF5C11 /* ParserCourier.h */,
				AD87E9B81BCCF9DD00AF5C11 /* ParserCourier.m */,
				AD87E9BB1BCD035800AF5C11 /* ParserResponseCourier.h */,
				AD87E9BC1BCD035800AF5C11 /* ParserResponseCourier.m */,
				AD2A24931BD0CEF000E0BC31 /* ParserOrders.h */,
				AD2A24941BD0CEF000E0BC31 /* ParserOrders.m */,
				AD2A24961BD0CFBD00E0BC31 /* ParserResponseOrders.h */,
				AD2A24971BD0CFBD00E0BC31 /* ParserResponseOrders.m */,
				AD2A24A51BD4CFB800E0BC31 /* ParserOrder.h */,
				AD2A24A61BD4CFB800E0BC31 /* ParserOrder.m */,
				AD2A24A81BD52B3000E0BC31 /* ParserResponseOrder.h */,
				AD2A24A91BD52B3000E0BC31 /* ParserResponseOrder.m */,
				ADF869631C17072C002CE08E /* ParserFinance.h */,
				ADF869641C17072C002CE08E /* ParserFinance.m */,
				ADF869661C170808002CE08E /* ParserResponseFinance.h */,
				ADF869671C170808002CE08E /* ParserResponseFinance.m */,
				AD2A24991BD0D4F100E0BC31 /* ParseDate.h */,
				AD2A249A1BD0D4F100E0BC31 /* ParseDate.m */,
			);
			name = API;
			sourceTree = "<group>";
		};
		AD87E9BA1BCCFBFD00AF5C11 /* Images */ = {
			isa = PBXGroup;
			children = (
				77E01C101BE8CE2B00339E2A /* nav.png */,
				77FDDCE01BCC36B800B2C13B /* buttonBack.png */,
				77FDDCDA1BCC207400B2C13B /* buttonSettingsImage.png */,
			);
			name = Images;
			sourceTree = "<group>";
		};
/* End PBXGroup section */

/* Begin PBXNativeTarget section */
		779C5A9F1BCAFD4500F4F31D /* Leadoon */ = {
			isa = PBXNativeTarget;
			buildConfigurationList = 779C5ACD1BCAFD4600F4F31D /* Build configuration list for PBXNativeTarget "Leadoon" */;
			buildPhases = (
				FC217B5CEB87677D0AD41518 /* Check Pods Manifest.lock */,
				779C5A9C1BCAFD4500F4F31D /* Sources */,
				779C5A9D1BCAFD4500F4F31D /* Frameworks */,
				779C5A9E1BCAFD4500F4F31D /* Resources */,
				1F71192833914E35809474A4 /* Embed Pods Frameworks */,
				40B1A922CF45EE0A82884B68 /* Copy Pods Resources */,
			);
			buildRules = (
			);
			dependencies = (
			);
			name = Leadoon;
			productName = Leadoon;
			productReference = 779C5AA01BCAFD4500F4F31D /* Leadoon.app */;
			productType = "com.apple.product-type.application";
		};
		779C5AB81BCAFD4600F4F31D /* LeadoonTests */ = {
			isa = PBXNativeTarget;
			buildConfigurationList = 779C5AD01BCAFD4600F4F31D /* Build configuration list for PBXNativeTarget "LeadoonTests" */;
			buildPhases = (
				779C5AB51BCAFD4600F4F31D /* Sources */,
				779C5AB61BCAFD4600F4F31D /* Frameworks */,
				779C5AB71BCAFD4600F4F31D /* Resources */,
			);
			buildRules = (
			);
			dependencies = (
				779C5ABB1BCAFD4600F4F31D /* PBXTargetDependency */,
			);
			name = LeadoonTests;
			productName = LeadoonTests;
			productReference = 779C5AB91BCAFD4600F4F31D /* LeadoonTests.xctest */;
			productType = "com.apple.product-type.bundle.unit-test";
		};
		779C5AC31BCAFD4600F4F31D /* LeadoonUITests */ = {
			isa = PBXNativeTarget;
			buildConfigurationList = 779C5AD31BCAFD4600F4F31D /* Build configuration list for PBXNativeTarget "LeadoonUITests" */;
			buildPhases = (
				779C5AC01BCAFD4600F4F31D /* Sources */,
				779C5AC11BCAFD4600F4F31D /* Frameworks */,
				779C5AC21BCAFD4600F4F31D /* Resources */,
			);
			buildRules = (
			);
			dependencies = (
				779C5AC61BCAFD4600F4F31D /* PBXTargetDependency */,
			);
			name = LeadoonUITests;
			productName = LeadoonUITests;
			productReference = 779C5AC41BCAFD4600F4F31D /* LeadoonUITests.xctest */;
			productType = "com.apple.product-type.bundle.ui-testing";
		};
/* End PBXNativeTarget section */

/* Begin PBXProject section */
		779C5A981BCAFD4500F4F31D /* Project object */ = {
			isa = PBXProject;
			attributes = {
				LastUpgradeCheck = 0700;
				ORGANIZATIONNAME = Viktor;
				TargetAttributes = {
					779C5A9F1BCAFD4500F4F31D = {
						CreatedOnToolsVersion = 7.0;
						DevelopmentTeam = Y2KN3X79KQ;
					};
					779C5AB81BCAFD4600F4F31D = {
						CreatedOnToolsVersion = 7.0;
						DevelopmentTeam = 8W954C8DEM;
						TestTargetID = 779C5A9F1BCAFD4500F4F31D;
					};
					779C5AC31BCAFD4600F4F31D = {
						CreatedOnToolsVersion = 7.0;
						DevelopmentTeam = 8W954C8DEM;
						TestTargetID = 779C5A9F1BCAFD4500F4F31D;
					};
				};
			};
			buildConfigurationList = 779C5A9B1BCAFD4500F4F31D /* Build configuration list for PBXProject "Leadoon" */;
			compatibilityVersion = "Xcode 3.2";
			developmentRegion = English;
			hasScannedForEncodings = 0;
			knownRegions = (
				en,
				Base,
			);
			mainGroup = 779C5A971BCAFD4500F4F31D;
			productRefGroup = 779C5AA11BCAFD4500F4F31D /* Products */;
			projectDirPath = "";
			projectRoot = "";
			targets = (
				779C5A9F1BCAFD4500F4F31D /* Leadoon */,
				779C5AB81BCAFD4600F4F31D /* LeadoonTests */,
				779C5AC31BCAFD4600F4F31D /* LeadoonUITests */,
			);
		};
/* End PBXProject section */

/* Begin PBXResourcesBuildPhase section */
		779C5A9E1BCAFD4500F4F31D /* Resources */ = {
			isa = PBXResourcesBuildPhase;
			buildActionMask = 2147483647;
			files = (
				779C5AB31BCAFD4600F4F31D /* LaunchScreen.storyboard in Resources */,
				77FAA9BC1BCFB42900349A05 /* imageMetro2.png in Resources */,
				779679F11C0B7E810098CC59 /* deleteButton.png in Resources */,
				77FAA9BB1BCFB42900349A05 /* imageMetro1.png in Resources */,
				779C5AB01BCAFD4600F4F31D /* Assets.xcassets in Resources */,
				77E8F4201BD2B97F00D2509E /* timeImage.png in Resources */,
				77FDDCDB1BCC207400B2C13B /* buttonSettingsImage.png in Resources */,
				77FDDCE11BCC36B800B2C13B /* buttonBack.png in Resources */,
				770C1E781BD78664005E4A50 /* phoneImage.png in Resources */,
				770D55711BDFD83F0059260F /* bluePin.png in Resources */,
				770D55731BDFD83F0059260F /* greenPin.png in Resources */,
				77E8F41F1BD2B97F00D2509E /* homeImage.png in Resources */,
				77E8F4211BD2B97F00D2509E /* locationImage.png in Resources */,
				77E8F41E1BD2B97F00D2509E /* customerImage.png in Resources */,
				77E01C111BE8CE2B00339E2A /* nav.png in Resources */,
				779C5AAE1BCAFD4600F4F31D /* Main.storyboard in Resources */,
				770D55721BDFD83F0059260F /* brownPin.png in Resources */,
				7713A3211BD0054F00F14506 /* basket.png in Resources */,
			);
			runOnlyForDeploymentPostprocessing = 0;
		};
		779C5AB71BCAFD4600F4F31D /* Resources */ = {
			isa = PBXResourcesBuildPhase;
			buildActionMask = 2147483647;
			files = (
			);
			runOnlyForDeploymentPostprocessing = 0;
		};
		779C5AC21BCAFD4600F4F31D /* Resources */ = {
			isa = PBXResourcesBuildPhase;
			buildActionMask = 2147483647;
			files = (
			);
			runOnlyForDeploymentPostprocessing = 0;
		};
/* End PBXResourcesBuildPhase section */

/* Begin PBXShellScriptBuildPhase section */
		1F71192833914E35809474A4 /* Embed Pods Frameworks */ = {
			isa = PBXShellScriptBuildPhase;
			buildActionMask = 2147483647;
			files = (
			);
			inputPaths = (
			);
			name = "Embed Pods Frameworks";
			outputPaths = (
			);
			runOnlyForDeploymentPostprocessing = 0;
			shellPath = /bin/sh;
			shellScript = "\"${SRCROOT}/Pods/Target Support Files/Pods-Leadoon/Pods-Leadoon-frameworks.sh\"\n";
			showEnvVarsInLog = 0;
		};
		40B1A922CF45EE0A82884B68 /* Copy Pods Resources */ = {
			isa = PBXShellScriptBuildPhase;
			buildActionMask = 2147483647;
			files = (
			);
			inputPaths = (
			);
			name = "Copy Pods Resources";
			outputPaths = (
			);
			runOnlyForDeploymentPostprocessing = 0;
			shellPath = /bin/sh;
			shellScript = "\"${SRCROOT}/Pods/Target Support Files/Pods-Leadoon/Pods-Leadoon-resources.sh\"\n";
			showEnvVarsInLog = 0;
		};
		FC217B5CEB87677D0AD41518 /* Check Pods Manifest.lock */ = {
			isa = PBXShellScriptBuildPhase;
			buildActionMask = 2147483647;
			files = (
			);
			inputPaths = (
			);
			name = "Check Pods Manifest.lock";
			outputPaths = (
			);
			runOnlyForDeploymentPostprocessing = 0;
			shellPath = /bin/sh;
			shellScript = "diff \"${PODS_ROOT}/../Podfile.lock\" \"${PODS_ROOT}/Manifest.lock\" > /dev/null\nif [[ $? != 0 ]] ; then\n    cat << EOM\nerror: The sandbox is not in sync with the Podfile.lock. Run 'pod install' or update your CocoaPods installation.\nEOM\n    exit 1\nfi\n";
			showEnvVarsInLog = 0;
		};
/* End PBXShellScriptBuildPhase section */

/* Begin PBXSourcesBuildPhase section */
		779C5A9C1BCAFD4500F4F31D /* Sources */ = {
			isa = PBXSourcesBuildPhase;
			buildActionMask = 2147483647;
			files = (
				772E41D71BD965CC00FA23D4 /* MapViewScoreboardOrders.m in Sources */,
				AD87E9B91BCCF9DD00AF5C11 /* ParserCourier.m in Sources */,
				778D88AD1BCEEC84007E1F51 /* ScoreboardOrdersView.m in Sources */,
				775A84FA1BCBD2A2003BDC3D /* Animation.m in Sources */,
				AD87E9B31BCCF7F300AF5C11 /* APIClass.m in Sources */,
				77E8F4241BD2C3EB00D2509E /* MapViewOrder.m in Sources */,
				779C5AAB1BCAFD4600F4F31D /* LoginView.m in Sources */,
				77C4FD4F1BDFF123009D7C1A /* UIView+MKAnnotationView.m in Sources */,
				77501CE51BD5997B00596DA8 /* ZSPinAnnotation.m in Sources */,
				77FAA9B81BCFA9C600349A05 /* UIColor+HexColor.m in Sources */,
				77E01C0F1BE8ADF600339E2A /* MapViewMyOrders.m in Sources */,
				779C5AD81BCB061300F4F31D /* MainView.m in Sources */,
				AD87E9BD1BCD035800AF5C11 /* ParserResponseCourier.m in Sources */,
				AD2A24951BD0CEF000E0BC31 /* ParserOrders.m in Sources */,
				779C5AA81BCAFD4600F4F31D /* AppDelegate.m in Sources */,
				770D556D1BDFD66D0059260F /* AnnotationMap.m in Sources */,
				AD87E9AF1BCCF59800AF5C11 /* CouriersDbClass.m in Sources */,
				779C5AA51BCAFD4600F4F31D /* main.m in Sources */,
				776F17291BD19B3D0085891A /* DetailsScoreboardOrderView.m in Sources */,
				77E36FC51BF384270094FD29 /* WorksCompletedView.m in Sources */,
				77B2058F1C08D2A100D168FF /* AdditionalExpenses.m in Sources */,
				AD2A24981BD0CFBD00E0BC31 /* ParserResponseOrders.m in Sources */,
				AD45723C1C187AA00053324F /* InternetErrorViewController.m in Sources */,
				77B205921C08D84700D168FF /* HistoryOfTheMovement.m in Sources */,
				77E36FC81BF3BAFF0094FD29 /* WorksCompletedViewDetail.m in Sources */,
				AD2A24A41BD1327A00E0BC31 /* MyOrdersView.m in Sources */,
				77ED7D141BECDF26001A2F8E /* PartialSaleView.m in Sources */,
				ADD823021BD7C34E00DD4C7B /* ECPhoneNumberFormatter.m in Sources */,
				77501CE21BD5973300596DA8 /* ZSAnnotation.m in Sources */,
				AD2A249B1BD0D4F100E0BC31 /* ParseDate.m in Sources */,
				77C903791BD6CB5F00B54E6A /* HeightForText.m in Sources */,
				ADF869681C170808002CE08E /* ParserResponseFinance.m in Sources */,
				77FAA9B41BCF9A3A00349A05 /* LabelsTableViewCall.m in Sources */,
				AD87E9C01BCD924600AF5C11 /* SingleTone.m in Sources */,
				ADF869651C17072C002CE08E /* ParserFinance.m in Sources */,
				77FDDCDF1BCC261E00B2C13B /* SettingsView.m in Sources */,
				7766B40E1C01B38100740E76 /* FinanceView.m in Sources */,
				AD87E9A51BCCF4AB00AF5C11 /* UsersModel.xcdatamodeld in Sources */,
				7777DCB31BD7C63D0068922D /* MapViewDetailMyOrders.m in Sources */,
				AD2A24AA1BD52B3000E0BC31 /* ParserResponseOrder.m in Sources */,
				AD45722E1C186F3F0053324F /* Reachability.m in Sources */,
				AD87E9AA1BCCF56000AF5C11 /* Couriers+CoreDataProperties.m in Sources */,
				77C903741BD6AC4300B54E6A /* MyOrdersViewDetail.m in Sources */,
				AD2A24A71BD4CFB800E0BC31 /* ParserOrder.m in Sources */,
				AD87E9AB1BCCF56000AF5C11 /* Couriers.m in Sources */,
				AD87E9C31BCF8C9F00AF5C11 /* APIPostClass.m in Sources */,
			);
			runOnlyForDeploymentPostprocessing = 0;
		};
		779C5AB51BCAFD4600F4F31D /* Sources */ = {
			isa = PBXSourcesBuildPhase;
			buildActionMask = 2147483647;
			files = (
				779C5ABE1BCAFD4600F4F31D /* LeadoonTests.m in Sources */,
			);
			runOnlyForDeploymentPostprocessing = 0;
		};
		779C5AC01BCAFD4600F4F31D /* Sources */ = {
			isa = PBXSourcesBuildPhase;
			buildActionMask = 2147483647;
			files = (
				779C5AC91BCAFD4600F4F31D /* LeadoonUITests.m in Sources */,
			);
			runOnlyForDeploymentPostprocessing = 0;
		};
/* End PBXSourcesBuildPhase section */

/* Begin PBXTargetDependency section */
		779C5ABB1BCAFD4600F4F31D /* PBXTargetDependency */ = {
			isa = PBXTargetDependency;
			target = 779C5A9F1BCAFD4500F4F31D /* Leadoon */;
			targetProxy = 779C5ABA1BCAFD4600F4F31D /* PBXContainerItemProxy */;
		};
		779C5AC61BCAFD4600F4F31D /* PBXTargetDependency */ = {
			isa = PBXTargetDependency;
			target = 779C5A9F1BCAFD4500F4F31D /* Leadoon */;
			targetProxy = 779C5AC51BCAFD4600F4F31D /* PBXContainerItemProxy */;
		};
/* End PBXTargetDependency section */

/* Begin PBXVariantGroup section */
		779C5AAC1BCAFD4600F4F31D /* Main.storyboard */ = {
			isa = PBXVariantGroup;
			children = (
				779C5AAD1BCAFD4600F4F31D /* Base */,
			);
			name = Main.storyboard;
			sourceTree = "<group>";
		};
		779C5AB11BCAFD4600F4F31D /* LaunchScreen.storyboard */ = {
			isa = PBXVariantGroup;
			children = (
				779C5AB21BCAFD4600F4F31D /* Base */,
			);
			name = LaunchScreen.storyboard;
			sourceTree = "<group>";
		};
/* End PBXVariantGroup section */

/* Begin XCBuildConfiguration section */
		779C5ACB1BCAFD4600F4F31D /* Debug */ = {
			isa = XCBuildConfiguration;
			buildSettings = {
				ALWAYS_SEARCH_USER_PATHS = NO;
				CLANG_CXX_LANGUAGE_STANDARD = "gnu++0x";
				CLANG_CXX_LIBRARY = "libc++";
				CLANG_ENABLE_MODULES = YES;
				CLANG_ENABLE_OBJC_ARC = YES;
				CLANG_WARN_BOOL_CONVERSION = YES;
				CLANG_WARN_CONSTANT_CONVERSION = YES;
				CLANG_WARN_DIRECT_OBJC_ISA_USAGE = YES_ERROR;
				CLANG_WARN_EMPTY_BODY = YES;
				CLANG_WARN_ENUM_CONVERSION = YES;
				CLANG_WARN_INT_CONVERSION = YES;
				CLANG_WARN_OBJC_ROOT_CLASS = YES_ERROR;
				CLANG_WARN_UNREACHABLE_CODE = YES;
				CLANG_WARN__DUPLICATE_METHOD_MATCH = YES;
				"CODE_SIGN_IDENTITY[sdk=iphoneos*]" = "iPhone Developer";
				COPY_PHASE_STRIP = NO;
				DEBUG_INFORMATION_FORMAT = dwarf;
				ENABLE_STRICT_OBJC_MSGSEND = YES;
				ENABLE_TESTABILITY = YES;
				GCC_C_LANGUAGE_STANDARD = gnu99;
				GCC_DYNAMIC_NO_PIC = NO;
				GCC_NO_COMMON_BLOCKS = YES;
				GCC_OPTIMIZATION_LEVEL = 0;
				GCC_PREPROCESSOR_DEFINITIONS = (
					"DEBUG=1",
					"$(inherited)",
				);
				GCC_WARN_64_TO_32_BIT_CONVERSION = YES;
				GCC_WARN_ABOUT_RETURN_TYPE = YES_ERROR;
				GCC_WARN_UNDECLARED_SELECTOR = YES;
				GCC_WARN_UNINITIALIZED_AUTOS = YES_AGGRESSIVE;
				GCC_WARN_UNUSED_FUNCTION = YES;
				GCC_WARN_UNUSED_VARIABLE = YES;
				IPHONEOS_DEPLOYMENT_TARGET = 9.0;
				MTL_ENABLE_DEBUG_INFO = YES;
				ONLY_ACTIVE_ARCH = YES;
				SDKROOT = iphoneos;
				TARGETED_DEVICE_FAMILY = "1,2";
			};
			name = Debug;
		};
		779C5ACC1BCAFD4600F4F31D /* Release */ = {
			isa = XCBuildConfiguration;
			buildSettings = {
				ALWAYS_SEARCH_USER_PATHS = NO;
				CLANG_CXX_LANGUAGE_STANDARD = "gnu++0x";
				CLANG_CXX_LIBRARY = "libc++";
				CLANG_ENABLE_MODULES = YES;
				CLANG_ENABLE_OBJC_ARC = YES;
				CLANG_WARN_BOOL_CONVERSION = YES;
				CLANG_WARN_CONSTANT_CONVERSION = YES;
				CLANG_WARN_DIRECT_OBJC_ISA_USAGE = YES_ERROR;
				CLANG_WARN_EMPTY_BODY = YES;
				CLANG_WARN_ENUM_CONVERSION = YES;
				CLANG_WARN_INT_CONVERSION = YES;
				CLANG_WARN_OBJC_ROOT_CLASS = YES_ERROR;
				CLANG_WARN_UNREACHABLE_CODE = YES;
				CLANG_WARN__DUPLICATE_METHOD_MATCH = YES;
				"CODE_SIGN_IDENTITY[sdk=iphoneos*]" = "iPhone Developer";
				COPY_PHASE_STRIP = NO;
				DEBUG_INFORMATION_FORMAT = "dwarf-with-dsym";
				ENABLE_NS_ASSERTIONS = NO;
				ENABLE_STRICT_OBJC_MSGSEND = YES;
				GCC_C_LANGUAGE_STANDARD = gnu99;
				GCC_NO_COMMON_BLOCKS = YES;
				GCC_WARN_64_TO_32_BIT_CONVERSION = YES;
				GCC_WARN_ABOUT_RETURN_TYPE = YES_ERROR;
				GCC_WARN_UNDECLARED_SELECTOR = YES;
				GCC_WARN_UNINITIALIZED_AUTOS = YES_AGGRESSIVE;
				GCC_WARN_UNUSED_FUNCTION = YES;
				GCC_WARN_UNUSED_VARIABLE = YES;
				IPHONEOS_DEPLOYMENT_TARGET = 9.0;
				MTL_ENABLE_DEBUG_INFO = NO;
				SDKROOT = iphoneos;
				TARGETED_DEVICE_FAMILY = "1,2";
				VALIDATE_PRODUCT = YES;
			};
			name = Release;
		};
		779C5ACE1BCAFD4600F4F31D /* Debug */ = {
			isa = XCBuildConfiguration;
			baseConfigurationReference = AEF5C251689197AD98D73673 /* Pods-Leadoon.debug.xcconfig */;
			buildSettings = {
				ASSETCATALOG_COMPILER_APPICON_NAME = AppIcon;
				CODE_SIGN_IDENTITY = "iPhone Developer";
				INFOPLIST_FILE = Leadoon/Info.plist;
				LD_RUNPATH_SEARCH_PATHS = "$(inherited) @executable_path/Frameworks";
				PRODUCT_BUNDLE_IDENTIFIER = "Ugi-Ugi.Leadoon";
				PRODUCT_NAME = "$(TARGET_NAME)";
			};
			name = Debug;
		};
		779C5ACF1BCAFD4600F4F31D /* Release */ = {
			isa = XCBuildConfiguration;
			baseConfigurationReference = 8086FCD04285A708D5862A6C /* Pods-Leadoon.release.xcconfig */;
			buildSettings = {
				ASSETCATALOG_COMPILER_APPICON_NAME = AppIcon;
				CODE_SIGN_IDENTITY = "iPhone Developer";
				INFOPLIST_FILE = Leadoon/Info.plist;
				LD_RUNPATH_SEARCH_PATHS = "$(inherited) @executable_path/Frameworks";
				PRODUCT_BUNDLE_IDENTIFIER = "Ugi-Ugi.Leadoon";
				PRODUCT_NAME = "$(TARGET_NAME)";
			};
			name = Release;
		};
		779C5AD11BCAFD4600F4F31D /* Debug */ = {
			isa = XCBuildConfiguration;
			buildSettings = {
				BUNDLE_LOADER = "$(TEST_HOST)";
				INFOPLIST_FILE = LeadoonTests/Info.plist;
				LD_RUNPATH_SEARCH_PATHS = "$(inherited) @executable_path/Frameworks @loader_path/Frameworks";
				PRODUCT_BUNDLE_IDENTIFIER = "Ugi-Ugi.LeadoonTests";
				PRODUCT_NAME = "$(TARGET_NAME)";
				TEST_HOST = "$(BUILT_PRODUCTS_DIR)/Leadoon.app/Leadoon";
			};
			name = Debug;
		};
		779C5AD21BCAFD4600F4F31D /* Release */ = {
			isa = XCBuildConfiguration;
			buildSettings = {
				BUNDLE_LOADER = "$(TEST_HOST)";
				INFOPLIST_FILE = LeadoonTests/Info.plist;
				LD_RUNPATH_SEARCH_PATHS = "$(inherited) @executable_path/Frameworks @loader_path/Frameworks";
				PRODUCT_BUNDLE_IDENTIFIER = "Ugi-Ugi.LeadoonTests";
				PRODUCT_NAME = "$(TARGET_NAME)";
				TEST_HOST = "$(BUILT_PRODUCTS_DIR)/Leadoon.app/Leadoon";
			};
			name = Release;
		};
		779C5AD41BCAFD4600F4F31D /* Debug */ = {
			isa = XCBuildConfiguration;
			buildSettings = {
				INFOPLIST_FILE = LeadoonUITests/Info.plist;
				LD_RUNPATH_SEARCH_PATHS = "$(inherited) @executable_path/Frameworks @loader_path/Frameworks";
				PRODUCT_BUNDLE_IDENTIFIER = "Ugi-Ugi.LeadoonUITests";
				PRODUCT_NAME = "$(TARGET_NAME)";
				TEST_TARGET_NAME = Leadoon;
				USES_XCTRUNNER = YES;
			};
			name = Debug;
		};
		779C5AD51BCAFD4600F4F31D /* Release */ = {
			isa = XCBuildConfiguration;
			buildSettings = {
				INFOPLIST_FILE = LeadoonUITests/Info.plist;
				LD_RUNPATH_SEARCH_PATHS = "$(inherited) @executable_path/Frameworks @loader_path/Frameworks";
				PRODUCT_BUNDLE_IDENTIFIER = "Ugi-Ugi.LeadoonUITests";
				PRODUCT_NAME = "$(TARGET_NAME)";
				TEST_TARGET_NAME = Leadoon;
				USES_XCTRUNNER = YES;
			};
			name = Release;
		};
/* End XCBuildConfiguration section */

/* Begin XCConfigurationList section */
		779C5A9B1BCAFD4500F4F31D /* Build configuration list for PBXProject "Leadoon" */ = {
			isa = XCConfigurationList;
			buildConfigurations = (
				779C5ACB1BCAFD4600F4F31D /* Debug */,
				779C5ACC1BCAFD4600F4F31D /* Release */,
			);
			defaultConfigurationIsVisible = 0;
			defaultConfigurationName = Release;
		};
		779C5ACD1BCAFD4600F4F31D /* Build configuration list for PBXNativeTarget "Leadoon" */ = {
			isa = XCConfigurationList;
			buildConfigurations = (
				779C5ACE1BCAFD4600F4F31D /* Debug */,
				779C5ACF1BCAFD4600F4F31D /* Release */,
			);
			defaultConfigurationIsVisible = 0;
			defaultConfigurationName = Release;
		};
		779C5AD01BCAFD4600F4F31D /* Build configuration list for PBXNativeTarget "LeadoonTests" */ = {
			isa = XCConfigurationList;
			buildConfigurations = (
				779C5AD11BCAFD4600F4F31D /* Debug */,
				779C5AD21BCAFD4600F4F31D /* Release */,
			);
			defaultConfigurationIsVisible = 0;
			defaultConfigurationName = Release;
		};
		779C5AD31BCAFD4600F4F31D /* Build configuration list for PBXNativeTarget "LeadoonUITests" */ = {
			isa = XCConfigurationList;
			buildConfigurations = (
				779C5AD41BCAFD4600F4F31D /* Debug */,
				779C5AD51BCAFD4600F4F31D /* Release */,
			);
			defaultConfigurationIsVisible = 0;
			defaultConfigurationName = Release;
		};
/* End XCConfigurationList section */

/* Begin XCVersionGroup section */
		AD87E9A31BCCF4AB00AF5C11 /* UsersModel.xcdatamodeld */ = {
			isa = XCVersionGroup;
			children = (
				AD87E9A41BCCF4AB00AF5C11 /* UsersModel.xcdatamodel */,
			);
			currentVersion = AD87E9A41BCCF4AB00AF5C11 /* UsersModel.xcdatamodel */;
			path = UsersModel.xcdatamodeld;
			sourceTree = "<group>";
			versionGroupType = wrapper.xcdatamodel;
		};
/* End XCVersionGroup section */
	};
	rootObject = 779C5A981BCAFD4500F4F31D /* Project object */;
}
